
Microsoft Visual Studio Solution File, Format Version 12.00
# Visual Studio 2012
Project("{FAE04EC0-301F-11D3-BF4B-00C04F79EFBC}") = "MvcMusicStore", "MvcMusicStore\MvcMusicStore.csproj", "{4E0BC6D3-D00B-4758-8FE9-EAA5165781DA}"
EndProject
Global
	GlobalSection(SolutionConfigurationPlatforms) = preSolution
		Debug|Any CPU = Debug|Any CPU
		Release|Any CPU = Release|Any CPU
	EndGlobalSection
	GlobalSection(ProjectConfigurationPlatforms) = postSolution
		{4E0BC6D3-D00B-4758-8FE9-EAA5165781DA}.Debug|Any CPU.ActiveCfg = Debug|Any CPU
		{4E0BC6D3-D00B-4758-8FE9-EAA5165781DA}.Debug|Any CPU.Build.0 = Debug|Any CPU
		{4E0BC6D3-D00B-4758-8FE9-EAA5165781DA}.Release|Any CPU.ActiveCfg = Release|Any CPU
		{4E0BC6D3-D00B-4758-8FE9-EAA5165781DA}.Release|Any CPU.Build.0 = Release|Any CPU
	EndGlobalSection
	GlobalSection(SolutionProperties) = preSolution
		HideSolutionNode = FALSE
	EndGlobalSection
EndGlobal
